// !$*UTF8*$!
{
	archiveVersion = 1;
	classes = {
	};
	objectVersion = 77;
	objects = {

/* Begin PBXContainerItemProxy section */
		14135A7A2CC687D20073CDA8 /* PBXContainerItemProxy */ = {
			isa = PBXContainerItemProxy;
			containerPortal = 14135A612CC687D00073CDA8 /* Project object */;
			proxyType = 1;
			remoteGlobalIDString = 14135A682CC687D10073CDA8;
			remoteInfo = ContainerValues;
		};
		14135A842CC687D20073CDA8 /* PBXContainerItemProxy */ = {
			isa = PBXContainerItemProxy;
			containerPortal = 14135A612CC687D00073CDA8 /* Project object */;
			proxyType = 1;
			remoteGlobalIDString = 14135A682CC687D10073CDA8;
			remoteInfo = ContainerValues;
		};
/* End PBXContainerItemProxy section */

/* Begin PBXFileReference section */
		14135A692CC687D10073CDA8 /* ContainerValues.app */ = {isa = PBXFileReference; explicitFileType = wrapper.application; includeInIndex = 0; path = ContainerValues.app; sourceTree = BUILT_PRODUCTS_DIR; };
		14135A792CC687D20073CDA8 /* ContainerValuesTests.xctest */ = {isa = PBXFileReference; explicitFileType = wrapper.cfbundle; includeInIndex = 0; path = ContainerValuesTests.xctest; sourceTree = BUILT_PRODUCTS_DIR; };
		14135A832CC687D20073CDA8 /* ContainerValuesUITests.xctest */ = {isa = PBXFileReference; explicitFileType = wrapper.cfbundle; includeInIndex = 0; path = ContainerValuesUITests.xctest; sourceTree = BUILT_PRODUCTS_DIR; };
/* End PBXFileReference section */

/* Begin PBXFileSystemSynchronizedRootGroup section */
		14135A6B2CC687D10073CDA8 /* ContainerValues */ = {
			isa = PBXFileSystemSynchronizedRootGroup;
			path = ContainerValues;
			sourceTree = "<group>";
		};
		14135A7C2CC687D20073CDA8 /* ContainerValuesTests */ = {
			isa = PBXFileSystemSynchronizedRootGroup;
			path = ContainerValuesTests;
			sourceTree = "<group>";
		};
		14135A862CC687D20073CDA8 /* ContainerValuesUITests */ = {
			isa = PBXFileSystemSynchronizedRootGroup;
			path = ContainerValuesUITests;
			sourceTree = "<group>";
		};
/* End PBXFileSystemSynchronizedRootGroup section */

/* Begin PBXFrameworksBuildPhase section */
		14135A662CC687D10073CDA8 /* Frameworks */ = {
			isa = PBXFrameworksBuildPhase;
			buildActionMask = 2147483647;
			files = (
			);
			runOnlyForDeploymentPostprocessing = 0;
		};
		14135A762CC687D20073CDA8 /* Frameworks */ = {
			isa = PBXFrameworksBuildPhase;
			buildActionMask = 2147483647;
			files = (
			);
			runOnlyForDeploymentPostprocessing = 0;
		};
		14135A802CC687D20073CDA8 /* Frameworks */ = {
			isa = PBXFrameworksBuildPhase;
			buildActionMask = 2147483647;
			files = (
			);
			runOnlyForDeploymentPostprocessing = 0;
		};
/* End PBXFrameworksBuildPhase section */

/* Begin PBXGroup section */
		14135A602CC687D00073CDA8 = {
			isa = PBXGroup;
			children = (
				14135A6B2CC687D10073CDA8 /* ContainerValues */,
				14135A7C2CC687D20073CDA8 /* ContainerValuesTests */,
				14135A862CC687D20073CDA8 /* ContainerValuesUITests */,
				14135A6A2CC687D10073CDA8 /* Products */,
			);
			sourceTree = "<group>";
		};
		14135A6A2CC687D10073CDA8 /* Products */ = {
			isa = PBXGroup;
			children = (
				14135A692CC687D10073CDA8 /* ContainerValues.app */,
				14135A792CC687D20073CDA8 /* ContainerValuesTests.xctest */,
				14135A832CC687D20073CDA8 /* ContainerValuesUITests.xctest */,
			);
			name = Products;
			sourceTree = "<group>";
		};
/* End PBXGroup section */

/* Begin PBXNativeTarget section */
		14135A682CC687D10073CDA8 /* ContainerValues */ = {
			isa = PBXNativeTarget;
			buildConfigurationList = 14135A8D2CC687D20073CDA8 /* Build configuration list for PBXNativeTarget "ContainerValues" */;
			buildPhases = (
				14135A652CC687D10073CDA8 /* Sources */,
				14135A662CC687D10073CDA8 /* Frameworks */,
				14135A672CC687D10073CDA8 /* Resources */,
			);
			buildRules = (
			);
			dependencies = (
			);
			fileSystemSynchronizedGroups = (
				14135A6B2CC687D10073CDA8 /* ContainerValues */,
			);
			name = ContainerValues;
			packageProductDependencies = (
			);
			productName = ContainerValues;
			productReference = 14135A692CC687D10073CDA8 /* ContainerValues.app */;
			productType = "com.apple.product-type.application";
		};
		14135A782CC687D20073CDA8 /* ContainerValuesTests */ = {
			isa = PBXNativeTarget;
			buildConfigurationList = 14135A902CC687D20073CDA8 /* Build configuration list for PBXNativeTarget "ContainerValuesTests" */;
			buildPhases = (
				14135A752CC687D20073CDA8 /* Sources */,
				14135A762CC687D20073CDA8 /* Frameworks */,
				14135A772CC687D20073CDA8 /* Resources */,
			);
			buildRules = (
			);
			dependencies = (
				14135A7B2CC687D20073CDA8 /* PBXTargetDependency */,
			);
			fileSystemSynchronizedGroups = (
				14135A7C2CC687D20073CDA8 /* ContainerValuesTests */,
			);
			name = ContainerValuesTests;
			packageProductDependencies = (
			);
			productName = ContainerValuesTests;
			productReference = 14135A792CC687D20073CDA8 /* ContainerValuesTests.xctest */;
			productType = "com.apple.product-type.bundle.unit-test";
		};
		14135A822CC687D20073CDA8 /* ContainerValuesUITests */ = {
			isa = PBXNativeTarget;
			buildConfigurationList = 14135A932CC687D20073CDA8 /* Build configuration list for PBXNativeTarget "ContainerValuesUITests" */;
			buildPhases = (
				14135A7F2CC687D20073CDA8 /* Sources */,
				14135A802CC687D20073CDA8 /* Frameworks */,
				14135A812CC687D20073CDA8 /* Resources */,
			);
			buildRules = (
			);
			dependencies = (
				14135A852CC687D20073CDA8 /* PBXTargetDependency */,
			);
			fileSystemSynchronizedGroups = (
				14135A862CC687D20073CDA8 /* ContainerValuesUITests */,
			);
			name = ContainerValuesUITests;
			packageProductDependencies = (
			);
			productName = ContainerValuesUITests;
			productReference = 14135A832CC687D20073CDA8 /* ContainerValuesUITests.xctest */;
			productType = "com.apple.product-type.bundle.ui-testing";
		};
/* End PBXNativeTarget section */

/* Begin PBXProject section */
		14135A612CC687D00073CDA8 /* Project object */ = {
			isa = PBXProject;
			attributes = {
				BuildIndependentTargetsInParallel = 1;
				LastSwiftUpdateCheck = 1600;
				LastUpgradeCheck = 1600;
				TargetAttributes = {
					14135A682CC687D10073CDA8 = {
						CreatedOnToolsVersion = 16.0;
					};
					14135A782CC687D20073CDA8 = {
						CreatedOnToolsVersion = 16.0;
						TestTargetID = 14135A682CC687D10073CDA8;
					};
					14135A822CC687D20073CDA8 = {
						CreatedOnToolsVersion = 16.0;
						TestTargetID = 14135A682CC687D10073CDA8;
					};
				};
			};
			buildConfigurationList = 14135A642CC687D00073CDA8 /* Build configuration list for PBXProject "ContainerValues" */;
			developmentRegion = en;
			hasScannedForEncodings = 0;
			knownRegions = (
				en,
				Base,
			);
			mainGroup = 14135A602CC687D00073CDA8;
			minimizedProjectReferenceProxies = 1;
			preferredProjectObjectVersion = 77;
			productRefGroup = 14135A6A2CC687D10073CDA8 /* Products */;
			projectDirPath = "";
			projectRoot = "";
			targets = (
				14135A682CC687D10073CDA8 /* ContainerValues */,
				14135A782CC687D20073CDA8 /* ContainerValuesTests */,
				14135A822CC687D20073CDA8 /* ContainerValuesUITests */,
			);
		};
/* End PBXProject section */

/* Begin PBXResourcesBuildPhase section */
		14135A672CC687D10073CDA8 /* Resources */ = {
			isa = PBXResourcesBuildPhase;
			buildActionMask = 2147483647;
			files = (
			);
			runOnlyForDeploymentPostprocessing = 0;
		};
		14135A772CC687D20073CDA8 /* Resources */ = {
			isa = PBXResourcesBuildPhase;
			buildActionMask = 2147483647;
			files = (
			);
			runOnlyForDeploymentPostprocessing = 0;
		};
		14135A812CC687D20073CDA8 /* Resources */ = {
			isa = PBXResourcesBuildPhase;
			buildActionMask = 2147483647;
			files = (
			);
			runOnlyForDeploymentPostprocessing = 0;
		};
/* End PBXResourcesBuildPhase section */

/* Begin PBXSourcesBuildPhase section */
		14135A652CC687D10073CDA8 /* Sources */ = {
			isa = PBXSourcesBuildPhase;
			buildActionMask = 2147483647;
			files = (
			);
			runOnlyForDeploymentPostprocessing = 0;
		};
		14135A752CC687D20073CDA8 /* Sources */ = {
			isa = PBXSourcesBuildPhase;
			buildActionMask = 2147483647;
			files = (
			);
			runOnlyForDeploymentPostprocessing = 0;
		};
		14135A7F2CC687D20073CDA8 /* Sources */ = {
			isa = PBXSourcesBuildPhase;
			buildActionMask = 2147483647;
			files = (
			);
			runOnlyForDeploymentPostprocessing = 0;
		};
/* End PBXSourcesBuildPhase section */

/* Begin PBXTargetDependency section */
		14135A7B2CC687D20073CDA8 /* PBXTargetDependency */ = {
			isa = PBXTargetDependency;
			target = 14135A682CC687D10073CDA8 /* ContainerValues */;
			targetProxy = 14135A7A2CC687D20073CDA8 /* PBXContainerItemProxy */;
		};
		14135A852CC687D20073CDA8 /* PBXTargetDependency */ = {
			isa = PBXTargetDependency;
			target = 14135A682CC687D10073CDA8 /* ContainerValues */;
			targetProxy = 14135A842CC687D20073CDA8 /* PBXContainerItemProxy */;
		};
/* End PBXTargetDependency section */

/* Begin XCBuildConfiguration section */
		14135A8B2CC687D20073CDA8 /* Debug */ = {
			isa = XCBuildConfiguration;
			buildSettings = {
				ALWAYS_SEARCH_USER_PATHS = NO;
				ASSETCATALOG_COMPILER_GENERATE_SWIFT_ASSET_SYMBOL_EXTENSIONS = YES;
				CLANG_ANALYZER_NONNULL = YES;
				CLANG_ANALYZER_NUMBER_OBJECT_CONVERSION = YES_AGGRESSIVE;
				CLANG_CXX_LANGUAGE_STANDARD = "gnu++20";
				CLANG_ENABLE_MODULES = YES;
				CLANG_ENABLE_OBJC_ARC = YES;
				CLANG_ENABLE_OBJC_WEAK = YES;
				CLANG_WARN_BLOCK_CAPTURE_AUTORELEASING = YES;
				CLANG_WARN_BOOL_CONVERSION = YES;
				CLANG_WARN_COMMA = YES;
				CLANG_WARN_CONSTANT_CONVERSION = YES;
				CLANG_WARN_DEPRECATED_OBJC_IMPLEMENTATIONS = YES;
				CLANG_WARN_DIRECT_OBJC_ISA_USAGE = YES_ERROR;
				CLANG_WARN_DOCUMENTATION_COMMENTS = YES;
				CLANG_WARN_EMPTY_BODY = YES;
				CLANG_WARN_ENUM_CONVERSION = YES;
				CLANG_WARN_INFINITE_RECURSION = YES;
				CLANG_WARN_INT_CONVERSION = YES;
				CLANG_WARN_NON_LITERAL_NULL_CONVERSION = YES;
				CLANG_WARN_OBJC_IMPLICIT_RETAIN_SELF = YES;
				CLANG_WARN_OBJC_LITERAL_CONVERSION = YES;
				CLANG_WARN_OBJC_ROOT_CLASS = YES_ERROR;
				CLANG_WARN_QUOTED_INCLUDE_IN_FRAMEWORK_HEADER = YES;
				CLANG_WARN_RANGE_LOOP_ANALYSIS = YES;
				CLANG_WARN_STRICT_PROTOTYPES = YES;
				CLANG_WARN_SUSPICIOUS_MOVE = YES;
				CLANG_WARN_UNGUARDED_AVAILABILITY = YES_AGGRESSIVE;
				CLANG_WARN_UNREACHABLE_CODE = YES;
				CLANG_WARN__DUPLICATE_METHOD_MATCH = YES;
				COPY_PHASE_STRIP = NO;
				DEBUG_INFORMATION_FORMAT = dwarf;
				ENABLE_STRICT_OBJC_MSGSEND = YES;
				ENABLE_TESTABILITY = YES;
				ENABLE_USER_SCRIPT_SANDBOXING = YES;
				GCC_C_LANGUAGE_STANDARD = gnu17;
				GCC_DYNAMIC_NO_PIC = NO;
				GCC_NO_COMMON_BLOCKS = YES;
				GCC_OPTIMIZATION_LEVEL = 0;
				GCC_PREPROCESSOR_DEFINITIONS = (
					"DEBUG=1",
					"$(inherited)",
				);
				GCC_WARN_64_TO_32_BIT_CONVERSION = YES;
				GCC_WARN_ABOUT_RETURN_TYPE = YES_ERROR;
				GCC_WARN_UNDECLARED_SELECTOR = YES;
				GCC_WARN_UNINITIALIZED_AUTOS = YES_AGGRESSIVE;
				GCC_WARN_UNUSED_FUNCTION = YES;
				GCC_WARN_UNUSED_VARIABLE = YES;
				IPHONEOS_DEPLOYMENT_TARGET = 18.0;
				LOCALIZATION_PREFERS_STRING_CATALOGS = YES;
				MTL_ENABLE_DEBUG_INFO = INCLUDE_SOURCE;
				MTL_FAST_MATH = YES;
				ONLY_ACTIVE_ARCH = YES;
				SDKROOT = iphoneos;
				SWIFT_ACTIVE_COMPILATION_CONDITIONS = "DEBUG $(inherited)";
				SWIFT_OPTIMIZATION_LEVEL = "-Onone";
			};
			name = Debug;
		};
		14135A8C2CC687D20073CDA8 /* Release */ = {
			isa = XCBuildConfiguration;
			buildSettings = {
				ALWAYS_SEARCH_USER_PATHS = NO;
				ASSETCATALOG_COMPILER_GENERATE_SWIFT_ASSET_SYMBOL_EXTENSIONS = YES;
				CLANG_ANALYZER_NONNULL = YES;
				CLANG_ANALYZER_NUMBER_OBJECT_CONVERSION = YES_AGGRESSIVE;
				CLANG_CXX_LANGUAGE_STANDARD = "gnu++20";
				CLANG_ENABLE_MODULES = YES;
				CLANG_ENABLE_OBJC_ARC = YES;
				CLANG_ENABLE_OBJC_WEAK = YES;
				CLANG_WARN_BLOCK_CAPTURE_AUTORELEASING = YES;
				CLANG_WARN_BOOL_CONVERSION = YES;
				CLANG_WARN_COMMA = YES;
				CLANG_WARN_CONSTANT_CONVERSION = YES;
				CLANG_WARN_DEPRECATED_OBJC_IMPLEMENTATIONS = YES;
				CLANG_WARN_DIRECT_OBJC_ISA_USAGE = YES_ERROR;
				CLANG_WARN_DOCUMENTATION_COMMENTS = YES;
				CLANG_WARN_EMPTY_BODY = YES;
				CLANG_WARN_ENUM_CONVERSION = YES;
				CLANG_WARN_INFINITE_RECURSION = YES;
				CLANG_WARN_INT_CONVERSION = YES;
				CLANG_WARN_NON_LITERAL_NULL_CONVERSION = YES;
				CLANG_WARN_OBJC_IMPLICIT_RETAIN_SELF = YES;
				CLANG_WARN_OBJC_LITERAL_CONVERSION = YES;
				CLANG_WARN_OBJC_ROOT_CLASS = YES_ERROR;
				CLANG_WARN_QUOTED_INCLUDE_IN_FRAMEWORK_HEADER = YES;
				CLANG_WARN_RANGE_LOOP_ANALYSIS = YES;
				CLANG_WARN_STRICT_PROTOTYPES = YES;
				CLANG_WARN_SUSPICIOUS_MOVE = YES;
				CLANG_WARN_UNGUARDED_AVAILABILITY = YES_AGGRESSIVE;
				CLANG_WARN_UNREACHABLE_CODE = YES;
				CLANG_WARN__DUPLICATE_METHOD_MATCH = YES;
				COPY_PHASE_STRIP = NO;
				DEBUG_INFORMATION_FORMAT = "dwarf-with-dsym";
				ENABLE_NS_ASSERTIONS = NO;
				ENABLE_STRICT_OBJC_MSGSEND = YES;
				ENABLE_USER_SCRIPT_SANDBOXING = YES;
				GCC_C_LANGUAGE_STANDARD = gnu17;
				GCC_NO_COMMON_BLOCKS = YES;
				GCC_WARN_64_TO_32_BIT_CONVERSION = YES;
				GCC_WARN_ABOUT_RETURN_TYPE = YES_ERROR;
				GCC_WARN_UNDECLARED_SELECTOR = YES;
				GCC_WARN_UNINITIALIZED_AUTOS = YES_AGGRESSIVE;
				GCC_WARN_UNUSED_FUNCTION = YES;
				GCC_WARN_UNUSED_VARIABLE = YES;
				IPHONEOS_DEPLOYMENT_TARGET = 18.0;
				LOCALIZATION_PREFERS_STRING_CATALOGS = YES;
				MTL_ENABLE_DEBUG_INFO = NO;
				MTL_FAST_MATH = YES;
				SDKROOT = iphoneos;
				SWIFT_COMPILATION_MODE = wholemodule;
				VALIDATE_PRODUCT = YES;
			};
			name = Release;
		};
		14135A8E2CC687D20073CDA8 /* Debug */ = {
			isa = XCBuildConfiguration;
			buildSettings = {
				ASSETCATALOG_COMPILER_APPICON_NAME = AppIcon;
				ASSETCATALOG_COMPILER_GLOBAL_ACCENT_COLOR_NAME = AccentColor;
				CODE_SIGN_STYLE = Automatic;
				CURRENT_PROJECT_VERSION = 1;
				DEVELOPMENT_ASSET_PATHS = "\"ContainerValues/Preview Content\"";
				ENABLE_PREVIEWS = YES;
				GENERATE_INFOPLIST_FILE = YES;
				INFOPLIST_KEY_UIApplicationSceneManifest_Generation = YES;
				INFOPLIST_KEY_UIApplicationSupportsIndirectInputEvents = YES;
				INFOPLIST_KEY_UILaunchScreen_Generation = YES;
				INFOPLIST_KEY_UISupportedInterfaceOrientations_iPad = "UIInterfaceOrientationPortrait UIInterfaceOrientationPortraitUpsideDown UIInterfaceOrientationLandscapeLeft UIInterfaceOrientationLandscapeRight";
				INFOPLIST_KEY_UISupportedInterfaceOrientations_iPhone = "UIInterfaceOrientationPortrait UIInterfaceOrientationLandscapeLeft UIInterfaceOrientationLandscapeRight";
				LD_RUNPATH_SEARCH_PATHS = (
					"$(inherited)",
					"@executable_path/Frameworks",
				);
				MARKETING_VERSION = 1.0;
				PRODUCT_BUNDLE_IDENTIFIER = "shota-imasue.ContainerValues";
				PRODUCT_NAME = "$(TARGET_NAME)";
				SWIFT_EMIT_LOC_STRINGS = YES;
				SWIFT_VERSION = 5.0;
				TARGETED_DEVICE_FAMILY = "1,2";
			};
			name = Debug;
		};
		14135A8F2CC687D20073CDA8 /* Release */ = {
			isa = XCBuildConfiguration;
			buildSettings = {
				ASSETCATALOG_COMPILER_APPICON_NAME = AppIcon;
				ASSETCATALOG_COMPILER_GLOBAL_ACCENT_COLOR_NAME = AccentColor;
				CODE_SIGN_STYLE = Automatic;
				CURRENT_PROJECT_VERSION = 1;
				DEVELOPMENT_ASSET_PATHS = "\"ContainerValues/Preview Content\"";
				ENABLE_PREVIEWS = YES;
				GENERATE_INFOPLIST_FILE = YES;
				INFOPLIST_KEY_UIApplicationSceneManifest_Generation = YES;
				INFOPLIST_KEY_UIApplicationSupportsIndirectInputEvents = YES;
				INFOPLIST_KEY_UILaunchScreen_Generation = YES;
				INFOPLIST_KEY_UISupportedInterfaceOrientations_iPad = "UIInterfaceOrientationPortrait UIInterfaceOrientationPortraitUpsideDown UIInterfaceOrientationLandscapeLeft UIInterfaceOrientationLandscapeRight";
				INFOPLIST_KEY_UISupportedInterfaceOrientations_iPhone = "UIInterfaceOrientationPortrait UIInterfaceOrientationLandscapeLeft UIInterfaceOrientationLandscapeRight";
				LD_RUNPATH_SEARCH_PATHS = (
					"$(inherited)",
					"@executable_path/Frameworks",
				);
				MARKETING_VERSION = 1.0;
				PRODUCT_BUNDLE_IDENTIFIER = "shota-imasue.ContainerValues";
				PRODUCT_NAME = "$(TARGET_NAME)";
				SWIFT_EMIT_LOC_STRINGS = YES;
				SWIFT_VERSION = 5.0;
				TARGETED_DEVICE_FAMILY = "1,2";
			};
			name = Release;
		};
		14135A912CC687D20073CDA8 /* Debug */ = {
			isa = XCBuildConfiguration;
			buildSettings = {
				BUNDLE_LOADER = "$(TEST_HOST)";
				CODE_SIGN_STYLE = Automatic;
				CURRENT_PROJECT_VERSION = 1;
				GENERATE_INFOPLIST_FILE = YES;
				IPHONEOS_DEPLOYMENT_TARGET = 18.0;
				MARKETING_VERSION = 1.0;
				PRODUCT_BUNDLE_IDENTIFIER = "shota-imasue.ContainerValuesTests";
				PRODUCT_NAME = "$(TARGET_NAME)";
				SWIFT_EMIT_LOC_STRINGS = NO;
				SWIFT_VERSION = 5.0;
				TARGETED_DEVICE_FAMILY = "1,2";
				TEST_HOST = "$(BUILT_PRODUCTS_DIR)/ContainerValues.app/$(BUNDLE_EXECUTABLE_FOLDER_PATH)/ContainerValues";
			};
			name = Debug;
		};
		14135A922CC687D20073CDA8 /* Release */ = {
			isa = XCBuildConfiguration;
			buildSettings = {
				BUNDLE_LOADER = "$(TEST_HOST)";
				CODE_SIGN_STYLE = Automatic;
				CURRENT_PROJECT_VERSION = 1;
				GENERATE_INFOPLIST_FILE = YES;
				IPHONEOS_DEPLOYMENT_TARGET = 18.0;
				MARKETING_VERSION = 1.0;
				PRODUCT_BUNDLE_IDENTIFIER = "shota-imasue.ContainerValuesTests";
				PRODUCT_NAME = "$(TARGET_NAME)";
				SWIFT_EMIT_LOC_STRINGS = NO;
				SWIFT_VERSION = 5.0;
				TARGETED_DEVICE_FAMILY = "1,2";
				TEST_HOST = "$(BUILT_PRODUCTS_DIR)/ContainerValues.app/$(BUNDLE_EXECUTABLE_FOLDER_PATH)/ContainerValues";
			};
			name = Release;
		};
		14135A942CC687D20073CDA8 /* Debug */ = {
			isa = XCBuildConfiguration;
			buildSettings = {
				CODE_SIGN_STYLE = Automatic;
				CURRENT_PROJECT_VERSION = 1;
				GENERATE_INFOPLIST_FILE = YES;
				MARKETING_VERSION = 1.0;
				PRODUCT_BUNDLE_IDENTIFIER = "shota-imasue.ContainerValuesUITests";
				PRODUCT_NAME = "$(TARGET_NAME)";
				SWIFT_EMIT_LOC_STRINGS = NO;
				SWIFT_VERSION = 5.0;
				TARGETED_DEVICE_FAMILY = "1,2";
				TEST_TARGET_NAME = ContainerValues;
			};
			name = Debug;
		};
		14135A952CC687D20073CDA8 /* Release */ = {
			isa = XCBuildConfiguration;
			buildSettings = {
				CODE_SIGN_STYLE = Automatic;
				CURRENT_PROJECT_VERSION = 1;
				GENERATE_INFOPLIST_FILE = YES;
				MARKETING_VERSION = 1.0;
				PRODUCT_BUNDLE_IDENTIFIER = "shota-imasue.ContainerValuesUITests";
				PRODUCT_NAME = "$(TARGET_NAME)";
				SWIFT_EMIT_LOC_STRINGS = NO;
				SWIFT_VERSION = 5.0;
				TARGETED_DEVICE_FAMILY = "1,2";
				TEST_TARGET_NAME = ContainerValues;
			};
			name = Release;
		};
/* End XCBuildConfiguration section */

/* Begin XCConfigurationList section */
		14135A642CC687D00073CDA8 /* Build configuration list for PBXProject "ContainerValues" */ = {
			isa = XCConfigurationList;
			buildConfigurations = (
				14135A8B2CC687D20073CDA8 /* Debug */,
				14135A8C2CC687D20073CDA8 /* Release */,
			);
			defaultConfigurationIsVisible = 0;
			defaultConfigurationName = Release;
		};
		14135A8D2CC687D20073CDA8 /* Build configuration list for PBXNativeTarget "ContainerValues" */ = {
			isa = XCConfigurationList;
			buildConfigurations = (
				14135A8E2CC687D20073CDA8 /* Debug */,
				14135A8F2CC687D20073CDA8 /* Release */,
			);
			defaultConfigurationIsVisible = 0;
			defaultConfigurationName = Release;
		};
		14135A902CC687D20073CDA8 /* Build configuration list for PBXNativeTarget "ContainerValuesTests" */ = {
			isa = XCConfigurationList;
			buildConfigurations = (
				14135A912CC687D20073CDA8 /* Debug */,
				14135A922CC687D20073CDA8 /* Release */,
			);
			defaultConfigurationIsVisible = 0;
			defaultConfigurationName = Release;
		};
		14135A932CC687D20073CDA8 /* Build configuration list for PBXNativeTarget "ContainerValuesUITests" */ = {
			isa = XCConfigurationList;
			buildConfigurations = (
				14135A942CC687D20073CDA8 /* Debug */,
				14135A952CC687D20073CDA8 /* Release */,
			);
			defaultConfigurationIsVisible = 0;
			defaultConfigurationName = Release;
		};
/* End XCConfigurationList section */
	};
	rootObject = 14135A612CC687D00073CDA8 /* Project object */;
}
